
Microsoft Visual Studio Solution File, Format Version 12.00
# Visual Studio Version 16
VisualStudioVersion = 16.0.29324.140
MinimumVisualStudioVersion = 10.0.40219.1
Project("{FAE04EC0-301F-11D3-BF4B-00C04F79EFBC}") = "BlazorApp1", "BlazorApp1\BlazorApp1.csproj", "{0CAB4478-5F7D-4817-85BE-C7B014FA6239}"
EndProject
Global
	GlobalSection(SolutionConfigurationPlatforms) = preSolution
		Debug|Any CPU = Debug|Any CPU
		Release|Any CPU = Release|Any CPU
	EndGlobalSection
	GlobalSection(ProjectConfigurationPlatforms) = postSolution
		{0CAB4478-5F7D-4817-85BE-C7B014FA6239}.Debug|Any CPU.ActiveCfg = Debug|Any CPU
		{0CAB4478-5F7D-4817-85BE-C7B014FA6239}.Debug|Any CPU.Build.0 = Debug|Any CPU
		{0CAB4478-5F7D-4817-85BE-C7B014FA6239}.Release|Any CPU.ActiveCfg = Release|Any CPU
		{0CAB4478-5F7D-4817-85BE-C7B014FA6239}.Release|Any CPU.Build.0 = Release|Any CPU
	EndGlobalSection
	GlobalSection(SolutionProperties) = preSolution
		HideSolutionNode = FALSE
	EndGlobalSection
	GlobalSection(ExtensibilityGlobals) = postSolution
		SolutionGuid = {3F730AA3-5A78-4513-A494-FBDEE09AC990}
	EndGlobalSection
EndGlobal
